
Microsoft Visual Studio Solution File, Format Version 12.00
# Visual Studio 2017
Project("{FAE04EC0-301F-11D3-BF4B-00C04F79EFBC}") = "GameBox.Plugins", "GameBox.Plugins.csproj", "{BF656AA5-0C92-6C61-5A50-4B5F39C804DE}"
EndProject
Project("{FAE04EC0-301F-11D3-BF4B-00C04F79EFBC}") = "GameBox", "GameBox.csproj", "{6000B6B3-5375-71EB-443E-34670766CE25}"
EndProject
Global
	GlobalSection(SolutionConfigurationPlatforms) = preSolution
		Debug|Any CPU = Debug|Any CPU
		Release|Any CPU = Release|Any CPU
	EndGlobalSection
	GlobalSection(ProjectConfigurationPlatforms) = postSolution
		{BF656AA5-0C92-6C61-5A50-4B5F39C804DE}.Debug|Any CPU.ActiveCfg = Debug|Any CPU
		{BF656AA5-0C92-6C61-5A50-4B5F39C804DE}.Debug|Any CPU.Build.0 = Debug|Any CPU
		{BF656AA5-0C92-6C61-5A50-4B5F39C804DE}.Release|Any CPU.ActiveCfg = Release|Any CPU
		{BF656AA5-0C92-6C61-5A50-4B5F39C804DE}.Release|Any CPU.Build.0 = Release|Any CPU
		{6000B6B3-5375-71EB-443E-34670766CE25}.Debug|Any CPU.ActiveCfg = Debug|Any CPU
		{6000B6B3-5375-71EB-443E-34670766CE25}.Debug|Any CPU.Build.0 = Debug|Any CPU
		{6000B6B3-5375-71EB-443E-34670766CE25}.Release|Any CPU.ActiveCfg = Release|Any CPU
		{6000B6B3-5375-71EB-443E-34670766CE25}.Release|Any CPU.Build.0 = Release|Any CPU
	EndGlobalSection
	GlobalSection(SolutionProperties) = preSolution
		HideSolutionNode = FALSE
	EndGlobalSection
EndGlobal
